
Microsoft Visual Studio Solution File, Format Version 12.00
# Visual Studio Version 16
VisualStudioVersion = 16.0.31321.278
MinimumVisualStudioVersion = 10.0.40219.1
Project("{FAE04EC0-301F-11D3-BF4B-00C04F79EFBC}") = "Introduction-Class", "Introduction-Class\Introduction-Class.csproj", "{6B597FF8-BFFB-40FF-8701-661E904A3CD7}"
EndProject
Global
	GlobalSection(SolutionConfigurationPlatforms) = preSolution
		Debug|Any CPU = Debug|Any CPU
		Release|Any CPU = Release|Any CPU
	EndGlobalSection
	GlobalSection(ProjectConfigurationPlatforms) = postSolution
		{6B597FF8-BFFB-40FF-8701-661E904A3CD7}.Debug|Any CPU.ActiveCfg = Debug|Any CPU
		{6B597FF8-BFFB-40FF-8701-661E904A3CD7}.Debug|Any CPU.Build.0 = Debug|Any CPU
		{6B597FF8-BFFB-40FF-8701-661E904A3CD7}.Release|Any CPU.ActiveCfg = Release|Any CPU
		{6B597FF8-BFFB-40FF-8701-661E904A3CD7}.Release|Any CPU.Build.0 = Release|Any CPU
	EndGlobalSection
	GlobalSection(SolutionProperties) = preSolution
		HideSolutionNode = FALSE
	EndGlobalSection
	GlobalSection(ExtensibilityGlobals) = postSolution
		SolutionGuid = {B156B8C9-5255-4A5F-9D51-17D66A4D789F}
	EndGlobalSection
EndGlobal
