
Microsoft Visual Studio Solution File, Format Version 12.00
# Visual Studio Version 16
VisualStudioVersion = 16.0.31613.86
MinimumVisualStudioVersion = 10.0.40219.1
Project("{FAE04EC0-301F-11D3-BF4B-00C04F79EFBC}") = "Introduction-Linq", "Introduction-Linq\Introduction-Linq.csproj", "{8001328E-6E71-4E06-AB04-C6A85329B3C6}"
EndProject
Global
	GlobalSection(SolutionConfigurationPlatforms) = preSolution
		Debug|Any CPU = Debug|Any CPU
		Release|Any CPU = Release|Any CPU
	EndGlobalSection
	GlobalSection(ProjectConfigurationPlatforms) = postSolution
		{8001328E-6E71-4E06-AB04-C6A85329B3C6}.Debug|Any CPU.ActiveCfg = Debug|Any CPU
		{8001328E-6E71-4E06-AB04-C6A85329B3C6}.Debug|Any CPU.Build.0 = Debug|Any CPU
		{8001328E-6E71-4E06-AB04-C6A85329B3C6}.Release|Any CPU.ActiveCfg = Release|Any CPU
		{8001328E-6E71-4E06-AB04-C6A85329B3C6}.Release|Any CPU.Build.0 = Release|Any CPU
	EndGlobalSection
	GlobalSection(SolutionProperties) = preSolution
		HideSolutionNode = FALSE
	EndGlobalSection
	GlobalSection(ExtensibilityGlobals) = postSolution
		SolutionGuid = {2C7D995A-E5AC-4F9C-A49B-EF074CBD4CD8}
	EndGlobalSection
EndGlobal
