
Microsoft Visual Studio Solution File, Format Version 12.00
# Visual Studio Version 16
VisualStudioVersion = 16.0.31321.278
MinimumVisualStudioVersion = 10.0.40219.1
Project("{FAE04EC0-301F-11D3-BF4B-00C04F79EFBC}") = "Tow-Project", "Tow-Project.csproj", "{FF6D69B7-B32F-42C1-8D78-3A58AA22249E}"
EndProject
Global
	GlobalSection(SolutionConfigurationPlatforms) = preSolution
		Debug|Any CPU = Debug|Any CPU
		Release|Any CPU = Release|Any CPU
	EndGlobalSection
	GlobalSection(ProjectConfigurationPlatforms) = postSolution
		{FF6D69B7-B32F-42C1-8D78-3A58AA22249E}.Debug|Any CPU.ActiveCfg = Debug|Any CPU
		{FF6D69B7-B32F-42C1-8D78-3A58AA22249E}.Debug|Any CPU.Build.0 = Debug|Any CPU
		{FF6D69B7-B32F-42C1-8D78-3A58AA22249E}.Release|Any CPU.ActiveCfg = Release|Any CPU
		{FF6D69B7-B32F-42C1-8D78-3A58AA22249E}.Release|Any CPU.Build.0 = Release|Any CPU
	EndGlobalSection
	GlobalSection(SolutionProperties) = preSolution
		HideSolutionNode = FALSE
	EndGlobalSection
	GlobalSection(ExtensibilityGlobals) = postSolution
		SolutionGuid = {E4DEE62F-42D7-4FEB-BF95-327226DC1F99}
	EndGlobalSection
EndGlobal
