
Microsoft Visual Studio Solution File, Format Version 12.00
# Visual Studio Version 16
VisualStudioVersion = 16.0.31702.278
MinimumVisualStudioVersion = 10.0.40219.1
Project("{FAE04EC0-301F-11D3-BF4B-00C04F79EFBC}") = "Introduction_Sealed", "Introduction_Sealed\Introduction_Sealed.csproj", "{8FE9870A-F9C8-4701-BB25-FE1BA807C442}"
EndProject
Global
	GlobalSection(SolutionConfigurationPlatforms) = preSolution
		Debug|Any CPU = Debug|Any CPU
		Release|Any CPU = Release|Any CPU
	EndGlobalSection
	GlobalSection(ProjectConfigurationPlatforms) = postSolution
		{8FE9870A-F9C8-4701-BB25-FE1BA807C442}.Debug|Any CPU.ActiveCfg = Debug|Any CPU
		{8FE9870A-F9C8-4701-BB25-FE1BA807C442}.Debug|Any CPU.Build.0 = Debug|Any CPU
		{8FE9870A-F9C8-4701-BB25-FE1BA807C442}.Release|Any CPU.ActiveCfg = Release|Any CPU
		{8FE9870A-F9C8-4701-BB25-FE1BA807C442}.Release|Any CPU.Build.0 = Release|Any CPU
	EndGlobalSection
	GlobalSection(SolutionProperties) = preSolution
		HideSolutionNode = FALSE
	EndGlobalSection
	GlobalSection(ExtensibilityGlobals) = postSolution
		SolutionGuid = {0AC9033B-43C4-405F-867F-70BEDE05DBDF}
	EndGlobalSection
EndGlobal
