
Microsoft Visual Studio Solution File, Format Version 12.00
# Visual Studio Version 16
VisualStudioVersion = 16.0.31515.178
MinimumVisualStudioVersion = 10.0.40219.1
Project("{FAE04EC0-301F-11D3-BF4B-00C04F79EFBC}") = "Introduction-Inheritance", "Introduction-Inheritance\Introduction-Inheritance.csproj", "{BD586E49-6BD5-4B12-BB35-8D55CE6A3297}"
EndProject
Global
	GlobalSection(SolutionConfigurationPlatforms) = preSolution
		Debug|Any CPU = Debug|Any CPU
		Release|Any CPU = Release|Any CPU
	EndGlobalSection
	GlobalSection(ProjectConfigurationPlatforms) = postSolution
		{BD586E49-6BD5-4B12-BB35-8D55CE6A3297}.Debug|Any CPU.ActiveCfg = Debug|Any CPU
		{BD586E49-6BD5-4B12-BB35-8D55CE6A3297}.Debug|Any CPU.Build.0 = Debug|Any CPU
		{BD586E49-6BD5-4B12-BB35-8D55CE6A3297}.Release|Any CPU.ActiveCfg = Release|Any CPU
		{BD586E49-6BD5-4B12-BB35-8D55CE6A3297}.Release|Any CPU.Build.0 = Release|Any CPU
	EndGlobalSection
	GlobalSection(SolutionProperties) = preSolution
		HideSolutionNode = FALSE
	EndGlobalSection
	GlobalSection(ExtensibilityGlobals) = postSolution
		SolutionGuid = {222D1D1B-A4DD-4215-9751-9748A0D5AED5}
	EndGlobalSection
EndGlobal
