
Microsoft Visual Studio Solution File, Format Version 12.00
# Visual Studio Version 16
VisualStudioVersion = 16.0.31321.278
MinimumVisualStudioVersion = 10.0.40219.1
Project("{FAE04EC0-301F-11D3-BF4B-00C04F79EFBC}") = "Introduction-Try", "Introduction-Try\Introduction-Try.csproj", "{46BEBCD2-8BED-46D6-8BAF-A3A553D9F406}"
EndProject
Global
	GlobalSection(SolutionConfigurationPlatforms) = preSolution
		Debug|Any CPU = Debug|Any CPU
		Release|Any CPU = Release|Any CPU
	EndGlobalSection
	GlobalSection(ProjectConfigurationPlatforms) = postSolution
		{46BEBCD2-8BED-46D6-8BAF-A3A553D9F406}.Debug|Any CPU.ActiveCfg = Debug|Any CPU
		{46BEBCD2-8BED-46D6-8BAF-A3A553D9F406}.Debug|Any CPU.Build.0 = Debug|Any CPU
		{46BEBCD2-8BED-46D6-8BAF-A3A553D9F406}.Release|Any CPU.ActiveCfg = Release|Any CPU
		{46BEBCD2-8BED-46D6-8BAF-A3A553D9F406}.Release|Any CPU.Build.0 = Release|Any CPU
	EndGlobalSection
	GlobalSection(SolutionProperties) = preSolution
		HideSolutionNode = FALSE
	EndGlobalSection
	GlobalSection(ExtensibilityGlobals) = postSolution
		SolutionGuid = {954A12EF-FF03-435A-9426-7931FAE33A87}
	EndGlobalSection
EndGlobal
